
Microsoft Visual Studio Solution File, Format Version 12.00
# Visual Studio Version 16
VisualStudioVersion = 16.0.31729.503
MinimumVisualStudioVersion = 10.0.40219.1
Project("{FAE04EC0-301F-11D3-BF4B-00C04F79EFBC}") = "PresentationLayer", "PresentationLayer\PresentationLayer.csproj", "{33275E6F-A2C3-4BFE-A9AE-6EDDB7B83383}"
EndProject
Project("{FAE04EC0-301F-11D3-BF4B-00C04F79EFBC}") = "DBAccessEF", "DBAccessEF\DBAccessEF.csproj", "{AC2EB615-0E31-4670-8261-BCD74C78833A}"
EndProject
Global
	GlobalSection(SolutionConfigurationPlatforms) = preSolution
		Debug|Any CPU = Debug|Any CPU
		Release|Any CPU = Release|Any CPU
	EndGlobalSection
	GlobalSection(ProjectConfigurationPlatforms) = postSolution
		{33275E6F-A2C3-4BFE-A9AE-6EDDB7B83383}.Debug|Any CPU.ActiveCfg = Debug|Any CPU
		{33275E6F-A2C3-4BFE-A9AE-6EDDB7B83383}.Debug|Any CPU.Build.0 = Debug|Any CPU
		{33275E6F-A2C3-4BFE-A9AE-6EDDB7B83383}.Release|Any CPU.ActiveCfg = Release|Any CPU
		{33275E6F-A2C3-4BFE-A9AE-6EDDB7B83383}.Release|Any CPU.Build.0 = Release|Any CPU
		{AC2EB615-0E31-4670-8261-BCD74C78833A}.Debug|Any CPU.ActiveCfg = Debug|Any CPU
		{AC2EB615-0E31-4670-8261-BCD74C78833A}.Debug|Any CPU.Build.0 = Debug|Any CPU
		{AC2EB615-0E31-4670-8261-BCD74C78833A}.Release|Any CPU.ActiveCfg = Release|Any CPU
		{AC2EB615-0E31-4670-8261-BCD74C78833A}.Release|Any CPU.Build.0 = Release|Any CPU
	EndGlobalSection
	GlobalSection(SolutionProperties) = preSolution
		HideSolutionNode = FALSE
	EndGlobalSection
	GlobalSection(ExtensibilityGlobals) = postSolution
		SolutionGuid = {769B5FD3-B970-4D71-B4DC-94CAE0E1AB14}
	EndGlobalSection
EndGlobal
